{
  "requires": true,
  "lockfileVersion": 1,
  "dependencies": {
    "glightbox": {
      "version": "2.0.0",
      "resolved": "https://registry.npmjs.org/glightbox/-/glightbox-2.0.0.tgz",
      "integrity": "sha512-ai6t+SF69v/ls7vPaIGyVPsHoxwo2xUKMPK9C/nIYNSTIjfRjaCHGAhCHXfTEV4O1Mc6s+CMm/E7fJhJ07+oTQ=="
    }
  }
}
